// !$*UTF8*$!
{
	archiveVersion = 1;
	classes = {
	};
	objectVersion = 51;
	objects = {

/* Begin PBXBuildFile section */
		5C810E58245A0CCC008B15A8 /* ChartItem.swift in Sources */ = {isa = PBXBuildFile; fileRef = 5C810E57245A0CCC008B15A8 /* ChartItem.swift */; };
		5C8E4A0D245779ED00416FBD /* AppDelegate.swift in Sources */ = {isa = PBXBuildFile; fileRef = 5C8E4A0C245779ED00416FBD /* AppDelegate.swift */; };
		5C8E4A0F245779ED00416FBD /* SceneDelegate.swift in Sources */ = {isa = PBXBuildFile; fileRef = 5C8E4A0E245779ED00416FBD /* SceneDelegate.swift */; };
		5C8E4A11245779ED00416FBD /* ViewController.swift in Sources */ = {isa = PBXBuildFile; fileRef = 5C8E4A10245779ED00416FBD /* ViewController.swift */; };
		5C8E4A16245779F500416FBD /* Assets.xcassets in Resources */ = {isa = PBXBuildFile; fileRef = 5C8E4A15245779F500416FBD /* Assets.xcassets */; };
		5C8E4A19245779F500416FBD /* LaunchScreen.storyboard in Resources */ = {isa = PBXBuildFile; fileRef = 5C8E4A17245779F500416FBD /* LaunchScreen.storyboard */; };
		5C8E4A232457DAE500416FBD /* ChartData.swift in Sources */ = {isa = PBXBuildFile; fileRef = 5C8E4A222457DAE500416FBD /* ChartData.swift */; };
		5C8E4A292457E68600416FBD /* MyChart.swift in Sources */ = {isa = PBXBuildFile; fileRef = 5C8E4A282457E68600416FBD /* MyChart.swift */; };
		62B3BB3008EEC0B7C6E19071 /* Pods_BarChart.framework in Frameworks */ = {isa = PBXBuildFile; fileRef = 010677E3A3EE8A3A9B257651 /* Pods_BarChart.framework */; };
/* End PBXBuildFile section */

/* Begin PBXFileReference section */
		010677E3A3EE8A3A9B257651 /* Pods_BarChart.framework */ = {isa = PBXFileReference; explicitFileType = wrapper.framework; includeInIndex = 0; path = Pods_BarChart.framework; sourceTree = BUILT_PRODUCTS_DIR; };
		5C810E57245A0CCC008B15A8 /* ChartItem.swift */ = {isa = PBXFileReference; lastKnownFileType = sourcecode.swift; path = ChartItem.swift; sourceTree = "<group>"; };
		5C8E4A09245779ED00416FBD /* BarChart.app */ = {isa = PBXFileReference; explicitFileType = wrapper.application; includeInIndex = 0; path = BarChart.app; sourceTree = BUILT_PRODUCTS_DIR; };
		5C8E4A0C245779ED00416FBD /* AppDelegate.swift */ = {isa = PBXFileReference; lastKnownFileType = sourcecode.swift; path = AppDelegate.swift; sourceTree = "<group>"; };
		5C8E4A0E245779ED00416FBD /* SceneDelegate.swift */ = {isa = PBXFileReference; lastKnownFileType = sourcecode.swift; path = SceneDelegate.swift; sourceTree = "<group>"; };
		5C8E4A10245779ED00416FBD /* ViewController.swift */ = {isa = PBXFileReference; lastKnownFileType = sourcecode.swift; path = ViewController.swift; sourceTree = "<group>"; };
		5C8E4A15245779F500416FBD /* Assets.xcassets */ = {isa = PBXFileReference; lastKnownFileType = folder.assetcatalog; path = Assets.xcassets; sourceTree = "<group>"; };
		5C8E4A18245779F500416FBD /* Base */ = {isa = PBXFileReference; lastKnownFileType = file.storyboard; name = Base; path = Base.lproj/LaunchScreen.storyboard; sourceTree = "<group>"; };
		5C8E4A1A245779F500416FBD /* Info.plist */ = {isa = PBXFileReference; lastKnownFileType = text.plist.xml; path = Info.plist; sourceTree = "<group>"; };
		5C8E4A222457DAE500416FBD /* ChartData.swift */ = {isa = PBXFileReference; lastKnownFileType = sourcecode.swift; path = ChartData.swift; sourceTree = "<group>"; };
		5C8E4A282457E68600416FBD /* MyChart.swift */ = {isa = PBXFileReference; lastKnownFileType = sourcecode.swift; path = MyChart.swift; sourceTree = "<group>"; };
		5DE77E0D356F5B10E31E3DAC /* Pods-BarChart.release.xcconfig */ = {isa = PBXFileReference; includeInIndex = 1; lastKnownFileType = text.xcconfig; name = "Pods-BarChart.release.xcconfig"; path = "Target Support Files/Pods-BarChart/Pods-BarChart.release.xcconfig"; sourceTree = "<group>"; };
		6E7ABCB7C4151D93C9C34F6C /* Pods-BarChart.debug.xcconfig */ = {isa = PBXFileReference; includeInIndex = 1; lastKnownFileType = text.xcconfig; name = "Pods-BarChart.debug.xcconfig"; path = "Target Support Files/Pods-BarChart/Pods-BarChart.debug.xcconfig"; sourceTree = "<group>"; };
/* End PBXFileReference section */

/* Begin PBXFrameworksBuildPhase section */
		5C8E4A06245779ED00416FBD /* Frameworks */ = {
			isa = PBXFrameworksBuildPhase;
			buildActionMask = 2147483647;
			files = (
				62B3BB3008EEC0B7C6E19071 /* Pods_BarChart.framework in Frameworks */,
			);
			runOnlyForDeploymentPostprocessing = 0;
		};
/* End PBXFrameworksBuildPhase section */

/* Begin PBXGroup section */
		5C810E59245A0D05008B15A8 /* Support Files */ = {
			isa = PBXGroup;
			children = (
				5C8E4A0C245779ED00416FBD /* AppDelegate.swift */,
				5C8E4A0E245779ED00416FBD /* SceneDelegate.swift */,
				5C8E4A15245779F500416FBD /* Assets.xcassets */,
				5C8E4A17245779F500416FBD /* LaunchScreen.storyboard */,
				5C8E4A1A245779F500416FBD /* Info.plist */,
			);
			path = "Support Files";
			sourceTree = "<group>";
		};
		5C8E4A00245779ED00416FBD = {
			isa = PBXGroup;
			children = (
				5C8E4A0B245779ED00416FBD /* BarChart */,
				5C8E4A0A245779ED00416FBD /* Products */,
				7332D617F0706A5EAC9C47DF /* Pods */,
				A361D9DFAC234C6C5F518E29 /* Frameworks */,
			);
			sourceTree = "<group>";
		};
		5C8E4A0A245779ED00416FBD /* Products */ = {
			isa = PBXGroup;
			children = (
				5C8E4A09245779ED00416FBD /* BarChart.app */,
			);
			name = Products;
			sourceTree = "<group>";
		};
		5C8E4A0B245779ED00416FBD /* BarChart */ = {
			isa = PBXGroup;
			children = (
				5C8E4A262457E63500416FBD /* Models */,
				5C8E4A2A2457E6A300416FBD /* Views */,
				5C8E4A272457E64500416FBD /* Controllers */,
				5C810E59245A0D05008B15A8 /* Support Files */,
			);
			path = BarChart;
			sourceTree = "<group>";
		};
		5C8E4A262457E63500416FBD /* Models */ = {
			isa = PBXGroup;
			children = (
				5C8E4A222457DAE500416FBD /* ChartData.swift */,
				5C810E57245A0CCC008B15A8 /* ChartItem.swift */,
			);
			path = Models;
			sourceTree = "<group>";
		};
		5C8E4A272457E64500416FBD /* Controllers */ = {
			isa = PBXGroup;
			children = (
				5C8E4A10245779ED00416FBD /* ViewController.swift */,
			);
			path = Controllers;
			sourceTree = "<group>";
		};
		5C8E4A2A2457E6A300416FBD /* Views */ = {
			isa = PBXGroup;
			children = (
				5C8E4A282457E68600416FBD /* MyChart.swift */,
			);
			path = Views;
			sourceTree = "<group>";
		};
		7332D617F0706A5EAC9C47DF /* Pods */ = {
			isa = PBXGroup;
			children = (
				6E7ABCB7C4151D93C9C34F6C /* Pods-BarChart.debug.xcconfig */,
				5DE77E0D356F5B10E31E3DAC /* Pods-BarChart.release.xcconfig */,
			);
			path = Pods;
			sourceTree = "<group>";
		};
		A361D9DFAC234C6C5F518E29 /* Frameworks */ = {
			isa = PBXGroup;
			children = (
				010677E3A3EE8A3A9B257651 /* Pods_BarChart.framework */,
			);
			name = Frameworks;
			sourceTree = "<group>";
		};
/* End PBXGroup section */

/* Begin PBXNativeTarget section */
		5C8E4A08245779ED00416FBD /* BarChart */ = {
			isa = PBXNativeTarget;
			buildConfigurationList = 5C8E4A1D245779F500416FBD /* Build configuration list for PBXNativeTarget "BarChart" */;
			buildPhases = (
				68903C598C3E8D70AFB3B5BE /* [CP] Check Pods Manifest.lock */,
				5C8E4A05245779ED00416FBD /* Sources */,
				5C8E4A06245779ED00416FBD /* Frameworks */,
				5C8E4A07245779ED00416FBD /* Resources */,
				879BF0301D7654757165D222 /* [CP] Embed Pods Frameworks */,
			);
			buildRules = (
			);
			dependencies = (
			);
			name = BarChart;
			productName = BarChart;
			productReference = 5C8E4A09245779ED00416FBD /* BarChart.app */;
			productType = "com.apple.product-type.application";
		};
/* End PBXNativeTarget section */

/* Begin PBXProject section */
		5C8E4A01245779ED00416FBD /* Project object */ = {
			isa = PBXProject;
			attributes = {
				LastSwiftUpdateCheck = 1140;
				LastUpgradeCheck = 1140;
				ORGANIZATIONNAME = "Dima Krupskyi";
				TargetAttributes = {
					5C8E4A08245779ED00416FBD = {
						CreatedOnToolsVersion = 11.4;
					};
				};
			};
			buildConfigurationList = 5C8E4A04245779ED00416FBD /* Build configuration list for PBXProject "BarChart" */;
			compatibilityVersion = "Xcode 9.3";
			developmentRegion = en;
			hasScannedForEncodings = 0;
			knownRegions = (
				en,
				Base,
			);
			mainGroup = 5C8E4A00245779ED00416FBD;
			productRefGroup = 5C8E4A0A245779ED00416FBD /* Products */;
			projectDirPath = "";
			projectRoot = "";
			targets = (
				5C8E4A08245779ED00416FBD /* BarChart */,
			);
		};
/* End PBXProject section */

/* Begin PBXResourcesBuildPhase section */
		5C8E4A07245779ED00416FBD /* Resources */ = {
			isa = PBXResourcesBuildPhase;
			buildActionMask = 2147483647;
			files = (
				5C8E4A19245779F500416FBD /* LaunchScreen.storyboard in Resources */,
				5C8E4A16245779F500416FBD /* Assets.xcassets in Resources */,
			);
			runOnlyForDeploymentPostprocessing = 0;
		};
/* End PBXResourcesBuildPhase section */

/* Begin PBXShellScriptBuildPhase section */
		68903C598C3E8D70AFB3B5BE /* [CP] Check Pods Manifest.lock */ = {
			isa = PBXShellScriptBuildPhase;
			buildActionMask = 2147483647;
			files = (
			);
			inputFileListPaths = (
			);
			inputPaths = (
				"${PODS_PODFILE_DIR_PATH}/Podfile.lock",
				"${PODS_ROOT}/Manifest.lock",
			);
			name = "[CP] Check Pods Manifest.lock";
			outputFileListPaths = (
			);
			outputPaths = (
				"$(DERIVED_FILE_DIR)/Pods-BarChart-checkManifestLockResult.txt",
			);
			runOnlyForDeploymentPostprocessing = 0;
			shellPath = /bin/sh;
			shellScript = "diff \"${PODS_PODFILE_DIR_PATH}/Podfile.lock\" \"${PODS_ROOT}/Manifest.lock\" > /dev/null\nif [ $? != 0 ] ; then\n    # print error to STDERR\n    echo \"error: The sandbox is not in sync with the Podfile.lock. Run 'pod install' or update your CocoaPods installation.\" >&2\n    exit 1\nfi\n# This output is used by Xcode 'outputs' to avoid re-running this script phase.\necho \"SUCCESS\" > \"${SCRIPT_OUTPUT_FILE_0}\"\n";
			showEnvVarsInLog = 0;
		};
		879BF0301D7654757165D222 /* [CP] Embed Pods Frameworks */ = {
			isa = PBXShellScriptBuildPhase;
			buildActionMask = 2147483647;
			files = (
			);
			inputFileListPaths = (
				"${PODS_ROOT}/Target Support Files/Pods-BarChart/Pods-BarChart-frameworks-${CONFIGURATION}-input-files.xcfilelist",
			);
			name = "[CP] Embed Pods Frameworks";
			outputFileListPaths = (
				"${PODS_ROOT}/Target Support Files/Pods-BarChart/Pods-BarChart-frameworks-${CONFIGURATION}-output-files.xcfilelist",
			);
			runOnlyForDeploymentPostprocessing = 0;
			shellPath = /bin/sh;
			shellScript = "\"${PODS_ROOT}/Target Support Files/Pods-BarChart/Pods-BarChart-frameworks.sh\"\n";
			showEnvVarsInLog = 0;
		};
/* End PBXShellScriptBuildPhase section */

/* Begin PBXSourcesBuildPhase section */
		5C8E4A05245779ED00416FBD /* Sources */ = {
			isa = PBXSourcesBuildPhase;
			buildActionMask = 2147483647;
			files = (
				5C8E4A11245779ED00416FBD /* ViewController.swift in Sources */,
				5C810E58245A0CCC008B15A8 /* ChartItem.swift in Sources */,
				5C8E4A0D245779ED00416FBD /* AppDelegate.swift in Sources */,
				5C8E4A0F245779ED00416FBD /* SceneDelegate.swift in Sources */,
				5C8E4A292457E68600416FBD /* MyChart.swift in Sources */,
				5C8E4A232457DAE500416FBD /* ChartData.swift in Sources */,
			);
			runOnlyForDeploymentPostprocessing = 0;
		};
/* End PBXSourcesBuildPhase section */

/* Begin PBXVariantGroup section */
		5C8E4A17245779F500416FBD /* LaunchScreen.storyboard */ = {
			isa = PBXVariantGroup;
			children = (
				5C8E4A18245779F500416FBD /* Base */,
			);
			name = LaunchScreen.storyboard;
			sourceTree = "<group>";
		};
/* End PBXVariantGroup section */

/* Begin XCBuildConfiguration section */
		5C8E4A1B245779F500416FBD /* Debug */ = {
			isa = XCBuildConfiguration;
			buildSettings = {
				ALWAYS_SEARCH_USER_PATHS = NO;
				CLANG_ANALYZER_NONNULL = YES;
				CLANG_ANALYZER_NUMBER_OBJECT_CONVERSION = YES_AGGRESSIVE;
				CLANG_CXX_LANGUAGE_STANDARD = "gnu++14";
				CLANG_CXX_LIBRARY = "libc++";
				CLANG_ENABLE_MODULES = YES;
				CLANG_ENABLE_OBJC_ARC = YES;
				CLANG_ENABLE_OBJC_WEAK = YES;
				CLANG_WARN_BLOCK_CAPTURE_AUTORELEASING = YES;
				CLANG_WARN_BOOL_CONVERSION = YES;
				CLANG_WARN_COMMA = YES;
				CLANG_WARN_CONSTANT_CONVERSION = YES;
				CLANG_WARN_DEPRECATED_OBJC_IMPLEMENTATIONS = YES;
				CLANG_WARN_DIRECT_OBJC_ISA_USAGE = YES_ERROR;
				CLANG_WARN_DOCUMENTATION_COMMENTS = YES;
				CLANG_WARN_EMPTY_BODY = YES;
				CLANG_WARN_ENUM_CONVERSION = YES;
				CLANG_WARN_INFINITE_RECURSION = YES;
				CLANG_WARN_INT_CONVERSION = YES;
				CLANG_WARN_NON_LITERAL_NULL_CONVERSION = YES;
				CLANG_WARN_OBJC_IMPLICIT_RETAIN_SELF = YES;
				CLANG_WARN_OBJC_LITERAL_CONVERSION = YES;
				CLANG_WARN_OBJC_ROOT_CLASS = YES_ERROR;
				CLANG_WARN_RANGE_LOOP_ANALYSIS = YES;
				CLANG_WARN_STRICT_PROTOTYPES = YES;
				CLANG_WARN_SUSPICIOUS_MOVE = YES;
				CLANG_WARN_UNGUARDED_AVAILABILITY = YES_AGGRESSIVE;
				CLANG_WARN_UNREACHABLE_CODE = YES;
				CLANG_WARN__DUPLICATE_METHOD_MATCH = YES;
				COPY_PHASE_STRIP = NO;
				DEBUG_INFORMATION_FORMAT = dwarf;
				ENABLE_STRICT_OBJC_MSGSEND = YES;
				ENABLE_TESTABILITY = YES;
				GCC_C_LANGUAGE_STANDARD = gnu11;
				GCC_DYNAMIC_NO_PIC = NO;
				GCC_NO_COMMON_BLOCKS = YES;
				GCC_OPTIMIZATION_LEVEL = 0;
				GCC_PREPROCESSOR_DEFINITIONS = (
					"DEBUG=1",
					"$(inherited)",
				);
				GCC_WARN_64_TO_32_BIT_CONVERSION = YES;
				GCC_WARN_ABOUT_RETURN_TYPE = YES_ERROR;
				GCC_WARN_UNDECLARED_SELECTOR = YES;
				GCC_WARN_UNINITIALIZED_AUTOS = YES_AGGRESSIVE;
				GCC_WARN_UNUSED_FUNCTION = YES;
				GCC_WARN_UNUSED_VARIABLE = YES;
				IPHONEOS_DEPLOYMENT_TARGET = 13.0;
				MTL_ENABLE_DEBUG_INFO = INCLUDE_SOURCE;
				MTL_FAST_MATH = YES;
				ONLY_ACTIVE_ARCH = YES;
				SDKROOT = iphoneos;
				SWIFT_ACTIVE_COMPILATION_CONDITIONS = DEBUG;
				SWIFT_OPTIMIZATION_LEVEL = "-Onone";
			};
			name = Debug;
		};
		5C8E4A1C245779F500416FBD /* Release */ = {
			isa = XCBuildConfiguration;
			buildSettings = {
				ALWAYS_SEARCH_USER_PATHS = NO;
				CLANG_ANALYZER_NONNULL = YES;
				CLANG_ANALYZER_NUMBER_OBJECT_CONVERSION = YES_AGGRESSIVE;
				CLANG_CXX_LANGUAGE_STANDARD = "gnu++14";
				CLANG_CXX_LIBRARY = "libc++";
				CLANG_ENABLE_MODULES = YES;
				CLANG_ENABLE_OBJC_ARC = YES;
				CLANG_ENABLE_OBJC_WEAK = YES;
				CLANG_WARN_BLOCK_CAPTURE_AUTORELEASING = YES;
				CLANG_WARN_BOOL_CONVERSION = YES;
				CLANG_WARN_COMMA = YES;
				CLANG_WARN_CONSTANT_CONVERSION = YES;
				CLANG_WARN_DEPRECATED_OBJC_IMPLEMENTATIONS = YES;
				CLANG_WARN_DIRECT_OBJC_ISA_USAGE = YES_ERROR;
				CLANG_WARN_DOCUMENTATION_COMMENTS = YES;
				CLANG_WARN_EMPTY_BODY = YES;
				CLANG_WARN_ENUM_CONVERSION = YES;
				CLANG_WARN_INFINITE_RECURSION = YES;
				CLANG_WARN_INT_CONVERSION = YES;
				CLANG_WARN_NON_LITERAL_NULL_CONVERSION = YES;
				CLANG_WARN_OBJC_IMPLICIT_RETAIN_SELF = YES;
				CLANG_WARN_OBJC_LITERAL_CONVERSION = YES;
				CLANG_WARN_OBJC_ROOT_CLASS = YES_ERROR;
				CLANG_WARN_RANGE_LOOP_ANALYSIS = YES;
				CLANG_WARN_STRICT_PROTOTYPES = YES;
				CLANG_WARN_SUSPICIOUS_MOVE = YES;
				CLANG_WARN_UNGUARDED_AVAILABILITY = YES_AGGRESSIVE;
				CLANG_WARN_UNREACHABLE_CODE = YES;
				CLANG_WARN__DUPLICATE_METHOD_MATCH = YES;
				COPY_PHASE_STRIP = NO;
				DEBUG_INFORMATION_FORMAT = "dwarf-with-dsym";
				ENABLE_NS_ASSERTIONS = NO;
				ENABLE_STRICT_OBJC_MSGSEND = YES;
				GCC_C_LANGUAGE_STANDARD = gnu11;
				GCC_NO_COMMON_BLOCKS = YES;
				GCC_WARN_64_TO_32_BIT_CONVERSION = YES;
				GCC_WARN_ABOUT_RETURN_TYPE = YES_ERROR;
				GCC_WARN_UNDECLARED_SELECTOR = YES;
				GCC_WARN_UNINITIALIZED_AUTOS = YES_AGGRESSIVE;
				GCC_WARN_UNUSED_FUNCTION = YES;
				GCC_WARN_UNUSED_VARIABLE = YES;
				IPHONEOS_DEPLOYMENT_TARGET = 13.0;
				MTL_ENABLE_DEBUG_INFO = NO;
				MTL_FAST_MATH = YES;
				SDKROOT = iphoneos;
				SWIFT_COMPILATION_MODE = wholemodule;
				SWIFT_OPTIMIZATION_LEVEL = "-O";
				VALIDATE_PRODUCT = YES;
			};
			name = Release;
		};
		5C8E4A1E245779F500416FBD /* Debug */ = {
			isa = XCBuildConfiguration;
			baseConfigurationReference = 6E7ABCB7C4151D93C9C34F6C /* Pods-BarChart.debug.xcconfig */;
			buildSettings = {
				ASSETCATALOG_COMPILER_APPICON_NAME = AppIcon;
				CODE_SIGN_STYLE = Automatic;
				DEVELOPMENT_TEAM = 7RCT4GHCWV;
				INFOPLIST_FILE = "BarChart/Support Files/Info.plist";
				LD_RUNPATH_SEARCH_PATHS = (
					"$(inherited)",
					"@executable_path/Frameworks",
				);
				PRODUCT_BUNDLE_IDENTIFIER = com.krupskyi.BarChart;
				PRODUCT_NAME = "$(TARGET_NAME)";
				SWIFT_VERSION = 5.0;
				TARGETED_DEVICE_FAMILY = "1,2";
			};
			name = Debug;
		};
		5C8E4A1F245779F500416FBD /* Release */ = {
			isa = XCBuildConfiguration;
			baseConfigurationReference = 5DE77E0D356F5B10E31E3DAC /* Pods-BarChart.release.xcconfig */;
			buildSettings = {
				ASSETCATALOG_COMPILER_APPICON_NAME = AppIcon;
				CODE_SIGN_STYLE = Automatic;
				DEVELOPMENT_TEAM = 7RCT4GHCWV;
				INFOPLIST_FILE = "BarChart/Support Files/Info.plist";
				LD_RUNPATH_SEARCH_PATHS = (
					"$(inherited)",
					"@executable_path/Frameworks",
				);
				PRODUCT_BUNDLE_IDENTIFIER = com.krupskyi.BarChart;
				PRODUCT_NAME = "$(TARGET_NAME)";
				SWIFT_VERSION = 5.0;
				TARGETED_DEVICE_FAMILY = "1,2";
			};
			name = Release;
		};
/* End XCBuildConfiguration section */

/* Begin XCConfigurationList section */
		5C8E4A04245779ED00416FBD /* Build configuration list for PBXProject "BarChart" */ = {
			isa = XCConfigurationList;
			buildConfigurations = (
				5C8E4A1B245779F500416FBD /* Debug */,
				5C8E4A1C245779F500416FBD /* Release */,
			);
			defaultConfigurationIsVisible = 0;
			defaultConfigurationName = Release;
		};
		5C8E4A1D245779F500416FBD /* Build configuration list for PBXNativeTarget "BarChart" */ = {
			isa = XCConfigurationList;
			buildConfigurations = (
				5C8E4A1E245779F500416FBD /* Debug */,
				5C8E4A1F245779F500416FBD /* Release */,
			);
			defaultConfigurationIsVisible = 0;
			defaultConfigurationName = Release;
		};
/* End XCConfigurationList section */
	};
	rootObject = 5C8E4A01245779ED00416FBD /* Project object */;
}
